
Microsoft Visual Studio Solution File, Format Version 12.00
# SQL Server Management Studio Version 21
VisualStudioVersion = 17.14.36603.0 d17.14
MinimumVisualStudioVersion = 10.0.40219.1
Project("{4F2E2C19-372F-40D8-9FA7-9D2138C6997A}") = "02_03_2026", "02_03_2026\02_03_2026.ssmssqlproj", "{CD335E8C-F278-C9F9-BD9A-2D2E8BCD04CF}"
EndProject
Project("{2150E333-8FDC-42A3-9474-1A3956D46DE8}") = "Elementi di soluzione", "Elementi di soluzione", "{9DF70304-0A22-CE1E-AA12-D5904EE55694}"
	ProjectSection(SolutionItems) = preProject
		03_03_2026.sql = 03_03_2026.sql
		04_03_2026.sql = 04_03_2026.sql
	EndProjectSection
EndProject
Global
	GlobalSection(SolutionConfigurationPlatforms) = preSolution
		Default|Default = Default|Default
	EndGlobalSection
	GlobalSection(ProjectConfigurationPlatforms) = postSolution
		{5A29E740-E7F3-4CC6-8FC0-305552C8B314}.Default|Default.ActiveCfg = Default
		{CD335E8C-F278-C9F9-BD9A-2D2E8BCD04CF}.Default|Default.ActiveCfg = Default
	EndGlobalSection
	GlobalSection(SolutionProperties) = preSolution
		HideSolutionNode = FALSE
	EndGlobalSection
	GlobalSection(ExtensibilityGlobals) = postSolution
		SolutionGuid = {6B742794-1AE3-42E2-983D-98C325740CA8}
	EndGlobalSection
EndGlobal
